
Microsoft Visual Studio Solution File, Format Version 12.00
# Visual Studio 15
VisualStudioVersion = 15.0.34031.82
MinimumVisualStudioVersion = 10.0.40219.1
Project("{E24C65DC-7377-472B-9ABA-BC803B73C61A}") = "GoStudent", "GoStudent\", "{A8C6B7DA-994A-4849-8272-7B9D56CB9085}"
	ProjectSection(WebsiteProperties) = preProject
		TargetFrameworkMoniker = ".NETFramework,Version%3Dv4.6.1"
		Debug.AspNetCompiler.VirtualPath = "/localhost_58199"
		Debug.AspNetCompiler.PhysicalPath = "GoStudent\"
		Debug.AspNetCompiler.TargetPath = "PrecompiledWeb\localhost_58199\"
		Debug.AspNetCompiler.Updateable = "true"
		Debug.AspNetCompiler.ForceOverwrite = "true"
		Debug.AspNetCompiler.FixedNames = "false"
		Debug.AspNetCompiler.Debug = "True"
		Release.AspNetCompiler.VirtualPath = "/localhost_58199"
		Release.AspNetCompiler.PhysicalPath = "GoStudent\"
		Release.AspNetCompiler.TargetPath = "PrecompiledWeb\localhost_58199\"
		Release.AspNetCompiler.Updateable = "true"
		Release.AspNetCompiler.ForceOverwrite = "true"
		Release.AspNetCompiler.FixedNames = "false"
		Release.AspNetCompiler.Debug = "False"
		VWDPort = "58199"
		SlnRelativePath = "GoStudent\"
		DefaultWebSiteLanguage = "Visual C#"
	EndProjectSection
EndProject
Global
	GlobalSection(SolutionConfigurationPlatforms) = preSolution
		Debug|Any CPU = Debug|Any CPU
	EndGlobalSection
	GlobalSection(ProjectConfigurationPlatforms) = postSolution
		{A8C6B7DA-994A-4849-8272-7B9D56CB9085}.Debug|Any CPU.ActiveCfg = Debug|Any CPU
		{A8C6B7DA-994A-4849-8272-7B9D56CB9085}.Debug|Any CPU.Build.0 = Debug|Any CPU
	EndGlobalSection
	GlobalSection(SolutionProperties) = preSolution
		HideSolutionNode = FALSE
	EndGlobalSection
	GlobalSection(ExtensibilityGlobals) = postSolution
		SolutionGuid = {3716CD4C-9777-4DAF-A1E9-3712FF997C98}
	EndGlobalSection
EndGlobal
